
Microsoft Visual Studio Solution File, Format Version 12.00
# Visual Studio Version 17
VisualStudioVersion = 17.11.35312.102
MinimumVisualStudioVersion = 10.0.40219.1
Project("{FAE04EC0-301F-11D3-BF4B-00C04F79EFBC}") = "HangfireApplication", "..\HangfireApplication\HangfireApplication.csproj", "{D330FCAB-C6D1-4C33-88DC-38C2E1CDAFFC}"
EndProject
Global
	GlobalSection(SolutionConfigurationPlatforms) = preSolution
		Debug|Any CPU = Debug|Any CPU
		Release|Any CPU = Release|Any CPU
	EndGlobalSection
	GlobalSection(ProjectConfigurationPlatforms) = postSolution
		{D330FCAB-C6D1-4C33-88DC-38C2E1CDAFFC}.Debug|Any CPU.ActiveCfg = Debug|Any CPU
		{D330FCAB-C6D1-4C33-88DC-38C2E1CDAFFC}.Debug|Any CPU.Build.0 = Debug|Any CPU
		{D330FCAB-C6D1-4C33-88DC-38C2E1CDAFFC}.Release|Any CPU.ActiveCfg = Release|Any CPU
		{D330FCAB-C6D1-4C33-88DC-38C2E1CDAFFC}.Release|Any CPU.Build.0 = Release|Any CPU
	EndGlobalSection
	GlobalSection(SolutionProperties) = preSolution
		HideSolutionNode = FALSE
	EndGlobalSection
	GlobalSection(ExtensibilityGlobals) = postSolution
		SolutionGuid = {4BD33BA1-64F4-4848-A7ED-A3F2F566E459}
	EndGlobalSection
EndGlobal
